
Microsoft Visual Studio Solution File, Format Version 12.00
# Visual Studio Version 17
VisualStudioVersion = 17.5.002.0
MinimumVisualStudioVersion = 10.0.40219.1
Project("{9A19103F-16F7-4668-BE54-9A1E7A4F7556}") = "MyBackendApp", "MyBackendApp.csproj", "{80565BAA-A027-414A-B945-BFAA91F26022}"
EndProject
Global
	GlobalSection(SolutionConfigurationPlatforms) = preSolution
		Debug|Any CPU = Debug|Any CPU
		Release|Any CPU = Release|Any CPU
	EndGlobalSection
	GlobalSection(ProjectConfigurationPlatforms) = postSolution
		{80565BAA-A027-414A-B945-BFAA91F26022}.Debug|Any CPU.ActiveCfg = Debug|Any CPU
		{80565BAA-A027-414A-B945-BFAA91F26022}.Debug|Any CPU.Build.0 = Debug|Any CPU
		{80565BAA-A027-414A-B945-BFAA91F26022}.Release|Any CPU.ActiveCfg = Release|Any CPU
		{80565BAA-A027-414A-B945-BFAA91F26022}.Release|Any CPU.Build.0 = Release|Any CPU
	EndGlobalSection
	GlobalSection(SolutionProperties) = preSolution
		HideSolutionNode = FALSE
	EndGlobalSection
	GlobalSection(ExtensibilityGlobals) = postSolution
		SolutionGuid = {94B68DD1-5DE4-4511-898C-C15BBCAC85CF}
	EndGlobalSection
EndGlobal
